// !$*UTF8*$!
{
	archiveVersion = 1;
	classes = {
	};
	objectVersion = 46;
	objects = {

/* Begin PBXBuildFile section */
		BA079B5D19EE8C0E00DB4CEC /* libPods-SampleAppWithCocoapodsTests-Kiwi.a in Frameworks */ = {isa = PBXBuildFile; fileRef = BA079B5C19EE8C0E00DB4CEC /* libPods-SampleAppWithCocoapodsTests-Kiwi.a */; };
		BAA46ED019EE8CAD00298E67 /* KiwiSampleSpec.m in Sources */ = {isa = PBXBuildFile; fileRef = BAB0DFBA19EE7E2D00DD7E35 /* KiwiSampleSpec.m */; };
		BAAFFED719EE788800F3AC91 /* main.m in Sources */ = {isa = PBXBuildFile; fileRef = BAAFFED619EE788800F3AC91 /* main.m */; };
		BAAFFEDA19EE788800F3AC91 /* AppDelegate.m in Sources */ = {isa = PBXBuildFile; fileRef = BAAFFED919EE788800F3AC91 /* AppDelegate.m */; };
		BAAFFEDD19EE788800F3AC91 /* SampleAppWithCocoapods.xcdatamodeld in Sources */ = {isa = PBXBuildFile; fileRef = BAAFFEDB19EE788800F3AC91 /* SampleAppWithCocoapods.xcdatamodeld */; };
		BAAFFEE019EE788800F3AC91 /* ViewController.m in Sources */ = {isa = PBXBuildFile; fileRef = BAAFFEDF19EE788800F3AC91 /* ViewController.m */; };
		BAAFFEE319EE788800F3AC91 /* Main.storyboard in Resources */ = {isa = PBXBuildFile; fileRef = BAAFFEE119EE788800F3AC91 /* Main.storyboard */; };
		BAAFFEE519EE788800F3AC91 /* Images.xcassets in Resources */ = {isa = PBXBuildFile; fileRef = BAAFFEE419EE788800F3AC91 /* Images.xcassets */; };
		BAAFFEE819EE788800F3AC91 /* LaunchScreen.xib in Resources */ = {isa = PBXBuildFile; fileRef = BAAFFEE619EE788800F3AC91 /* LaunchScreen.xib */; };
		BAAFFEF419EE788800F3AC91 /* SampleAppWithCocoapodsTests.m in Sources */ = {isa = PBXBuildFile; fileRef = BAAFFEF319EE788800F3AC91 /* SampleAppWithCocoapodsTests.m */; };
		F761E78E22AAB7742FC07992 /* libPods-SampleAppWithCocoapodsTests.a in Frameworks */ = {isa = PBXBuildFile; fileRef = D114AC303B4F6AB61BB14A4C /* libPods-SampleAppWithCocoapodsTests.a */; };
/* End PBXBuildFile section */

/* Begin PBXContainerItemProxy section */
		BAAFFEEE19EE788800F3AC91 /* PBXContainerItemProxy */ = {
			isa = PBXContainerItemProxy;
			containerPortal = BAAFFEC919EE788800F3AC91 /* Project object */;
			proxyType = 1;
			remoteGlobalIDString = BAAFFED019EE788800F3AC91;
			remoteInfo = SampleAppWithCocoapods;
		};
/* End PBXContainerItemProxy section */

/* Begin PBXFileReference section */
		0C70F5AB9C9B8D6D420EADA3 /* Pods-SampleAppWithCocoapodsTests.debug.xcconfig */ = {isa = PBXFileReference; includeInIndex = 1; lastKnownFileType = text.xcconfig; name = "Pods-SampleAppWithCocoapodsTests.debug.xcconfig"; path = "Pods/Target Support Files/Pods-SampleAppWithCocoapodsTests/Pods-SampleAppWithCocoapodsTests.debug.xcconfig"; sourceTree = "<group>"; };
		81F848CE09EDD1BF962E8725 /* Pods-SampleAppWithCocoapodsTests.release.xcconfig */ = {isa = PBXFileReference; includeInIndex = 1; lastKnownFileType = text.xcconfig; name = "Pods-SampleAppWithCocoapodsTests.release.xcconfig"; path = "Pods/Target Support Files/Pods-SampleAppWithCocoapodsTests/Pods-SampleAppWithCocoapodsTests.release.xcconfig"; sourceTree = "<group>"; };
		BA079B5C19EE8C0E00DB4CEC /* libPods-SampleAppWithCocoapodsTests-Kiwi.a */ = {isa = PBXFileReference; lastKnownFileType = archive.ar; name = "libPods-SampleAppWithCocoapodsTests-Kiwi.a"; path = "Pods/build/Debug-iphoneos/libPods-SampleAppWithCocoapodsTests-Kiwi.a"; sourceTree = "<group>"; };
		BAAFFED119EE788800F3AC91 /* SampleAppWithCocoapods.app */ = {isa = PBXFileReference; explicitFileType = wrapper.application; includeInIndex = 0; path = SampleAppWithCocoapods.app; sourceTree = BUILT_PRODUCTS_DIR; };
		BAAFFED519EE788800F3AC91 /* Info.plist */ = {isa = PBXFileReference; lastKnownFileType = text.plist.xml; path = Info.plist; sourceTree = "<group>"; };
		BAAFFED619EE788800F3AC91 /* main.m */ = {isa = PBXFileReference; lastKnownFileType = sourcecode.c.objc; path = main.m; sourceTree = "<group>"; };
		BAAFFED819EE788800F3AC91 /* AppDelegate.h */ = {isa = PBXFileReference; lastKnownFileType = sourcecode.c.h; path = AppDelegate.h; sourceTree = "<group>"; };
		BAAFFED919EE788800F3AC91 /* AppDelegate.m */ = {isa = PBXFileReference; lastKnownFileType = sourcecode.c.objc; path = AppDelegate.m; sourceTree = "<group>"; };
		BAAFFEDC19EE788800F3AC91 /* SampleAppWithCocoapods.xcdatamodel */ = {isa = PBXFileReference; lastKnownFileType = wrapper.xcdatamodel; path = SampleAppWithCocoapods.xcdatamodel; sourceTree = "<group>"; };
		BAAFFEDE19EE788800F3AC91 /* ViewController.h */ = {isa = PBXFileReference; lastKnownFileType = sourcecode.c.h; path = ViewController.h; sourceTree = "<group>"; };
		BAAFFEDF19EE788800F3AC91 /* ViewController.m */ = {isa = PBXFileReference; lastKnownFileType = sourcecode.c.objc; path = ViewController.m; sourceTree = "<group>"; };
		BAAFFEE219EE788800F3AC91 /* Base */ = {isa = PBXFileReference; lastKnownFileType = file.storyboard; name = Base; path = Base.lproj/Main.storyboard; sourceTree = "<group>"; };
		BAAFFEE419EE788800F3AC91 /* Images.xcassets */ = {isa = PBXFileReference; lastKnownFileType = folder.assetcatalog; path = Images.xcassets; sourceTree = "<group>"; };
		BAAFFEE719EE788800F3AC91 /* Base */ = {isa = PBXFileReference; lastKnownFileType = file.xib; name = Base; path = Base.lproj/LaunchScreen.xib; sourceTree = "<group>"; };
		BAAFFEED19EE788800F3AC91 /* SampleAppWithCocoapodsTests.xctest */ = {isa = PBXFileReference; explicitFileType = wrapper.cfbundle; includeInIndex = 0; path = SampleAppWithCocoapodsTests.xctest; sourceTree = BUILT_PRODUCTS_DIR; };
		BAAFFEF219EE788800F3AC91 /* Info.plist */ = {isa = PBXFileReference; lastKnownFileType = text.plist.xml; path = Info.plist; sourceTree = "<group>"; };
		BAAFFEF319EE788800F3AC91 /* SampleAppWithCocoapodsTests.m */ = {isa = PBXFileReference; lastKnownFileType = sourcecode.c.objc; path = SampleAppWithCocoapodsTests.m; sourceTree = "<group>"; };
		BAB0DFBA19EE7E2D00DD7E35 /* KiwiSampleSpec.m */ = {isa = PBXFileReference; fileEncoding = 4; lastKnownFileType = sourcecode.c.objc; path = KiwiSampleSpec.m; sourceTree = "<group>"; };
		D114AC303B4F6AB61BB14A4C /* libPods-SampleAppWithCocoapodsTests.a */ = {isa = PBXFileReference; explicitFileType = archive.ar; includeInIndex = 0; path = "libPods-SampleAppWithCocoapodsTests.a"; sourceTree = BUILT_PRODUCTS_DIR; };
/* End PBXFileReference section */

/* Begin PBXFrameworksBuildPhase section */
		BAAFFECE19EE788800F3AC91 /* Frameworks */ = {
			isa = PBXFrameworksBuildPhase;
			buildActionMask = 2147483647;
			files = (
			);
			runOnlyForDeploymentPostprocessing = 0;
		};
		BAAFFEEA19EE788800F3AC91 /* Frameworks */ = {
			isa = PBXFrameworksBuildPhase;
			buildActionMask = 2147483647;
			files = (
				BA079B5D19EE8C0E00DB4CEC /* libPods-SampleAppWithCocoapodsTests-Kiwi.a in Frameworks */,
				F761E78E22AAB7742FC07992 /* libPods-SampleAppWithCocoapodsTests.a in Frameworks */,
			);
			runOnlyForDeploymentPostprocessing = 0;
		};
/* End PBXFrameworksBuildPhase section */

/* Begin PBXGroup section */
		01413DA0750FCB1E178E39EA /* Frameworks */ = {
			isa = PBXGroup;
			children = (
				BA079B5C19EE8C0E00DB4CEC /* libPods-SampleAppWithCocoapodsTests-Kiwi.a */,
				D114AC303B4F6AB61BB14A4C /* libPods-SampleAppWithCocoapodsTests.a */,
			);
			name = Frameworks;
			sourceTree = "<group>";
		};
		92AC09FE50F63E5D2C5ED3F3 /* Pods */ = {
			isa = PBXGroup;
			children = (
				0C70F5AB9C9B8D6D420EADA3 /* Pods-SampleAppWithCocoapodsTests.debug.xcconfig */,
				81F848CE09EDD1BF962E8725 /* Pods-SampleAppWithCocoapodsTests.release.xcconfig */,
			);
			name = Pods;
			sourceTree = "<group>";
		};
		BAAFFEC819EE788800F3AC91 = {
			isa = PBXGroup;
			children = (
				BAAFFED319EE788800F3AC91 /* SampleAppWithCocoapods */,
				BAAFFEF019EE788800F3AC91 /* SampleAppWithCocoapodsTests */,
				BAAFFED219EE788800F3AC91 /* Products */,
				92AC09FE50F63E5D2C5ED3F3 /* Pods */,
				01413DA0750FCB1E178E39EA /* Frameworks */,
			);
			sourceTree = "<group>";
		};
		BAAFFED219EE788800F3AC91 /* Products */ = {
			isa = PBXGroup;
			children = (
				BAAFFED119EE788800F3AC91 /* SampleAppWithCocoapods.app */,
				BAAFFEED19EE788800F3AC91 /* SampleAppWithCocoapodsTests.xctest */,
			);
			name = Products;
			sourceTree = "<group>";
		};
		BAAFFED319EE788800F3AC91 /* SampleAppWithCocoapods */ = {
			isa = PBXGroup;
			children = (
				BAAFFED819EE788800F3AC91 /* AppDelegate.h */,
				BAAFFED919EE788800F3AC91 /* AppDelegate.m */,
				BAAFFEDE19EE788800F3AC91 /* ViewController.h */,
				BAAFFEDF19EE788800F3AC91 /* ViewController.m */,
				BAAFFEE119EE788800F3AC91 /* Main.storyboard */,
				BAAFFEE419EE788800F3AC91 /* Images.xcassets */,
				BAAFFEE619EE788800F3AC91 /* LaunchScreen.xib */,
				BAAFFEDB19EE788800F3AC91 /* SampleAppWithCocoapods.xcdatamodeld */,
				BAAFFED419EE788800F3AC91 /* Supporting Files */,
			);
			path = SampleAppWithCocoapods;
			sourceTree = "<group>";
		};
		BAAFFED419EE788800F3AC91 /* Supporting Files */ = {
			isa = PBXGroup;
			children = (
				BAAFFED519EE788800F3AC91 /* Info.plist */,
				BAAFFED619EE788800F3AC91 /* main.m */,
			);
			name = "Supporting Files";
			sourceTree = "<group>";
		};
		BAAFFEF019EE788800F3AC91 /* SampleAppWithCocoapodsTests */ = {
			isa = PBXGroup;
			children = (
				BAAFFEF319EE788800F3AC91 /* SampleAppWithCocoapodsTests.m */,
				BAB0DFBA19EE7E2D00DD7E35 /* KiwiSampleSpec.m */,
				BAAFFEF119EE788800F3AC91 /* Supporting Files */,
			);
			path = SampleAppWithCocoapodsTests;
			sourceTree = "<group>";
		};
		BAAFFEF119EE788800F3AC91 /* Supporting Files */ = {
			isa = PBXGroup;
			children = (
				BAAFFEF219EE788800F3AC91 /* Info.plist */,
			);
			name = "Supporting Files";
			sourceTree = "<group>";
		};
/* End PBXGroup section */

/* Begin PBXNativeTarget section */
		BAAFFED019EE788800F3AC91 /* SampleAppWithCocoapods */ = {
			isa = PBXNativeTarget;
			buildConfigurationList = BAAFFEF719EE788800F3AC91 /* Build configuration list for PBXNativeTarget "SampleAppWithCocoapods" */;
			buildPhases = (
				BAAFFECD19EE788800F3AC91 /* Sources */,
				BAAFFECE19EE788800F3AC91 /* Frameworks */,
				BAAFFECF19EE788800F3AC91 /* Resources */,
			);
			buildRules = (
			);
			dependencies = (
			);
			name = SampleAppWithCocoapods;
			productName = SampleAppWithCocoapods;
			productReference = BAAFFED119EE788800F3AC91 /* SampleAppWithCocoapods.app */;
			productType = "com.apple.product-type.application";
		};
		BAAFFEEC19EE788800F3AC91 /* SampleAppWithCocoapodsTests */ = {
			isa = PBXNativeTarget;
			buildConfigurationList = BAAFFEFA19EE788800F3AC91 /* Build configuration list for PBXNativeTarget "SampleAppWithCocoapodsTests" */;
			buildPhases = (
				242BCFE2D125D338E799C9D8 /* Check Pods Manifest.lock */,
				BAAFFEE919EE788800F3AC91 /* Sources */,
				BAAFFEEA19EE788800F3AC91 /* Frameworks */,
				BAAFFEEB19EE788800F3AC91 /* Resources */,
				BFDD16732FD5B48BE3485B73 /* Copy Pods Resources */,
			);
			buildRules = (
			);
			dependencies = (
				BAAFFEEF19EE788800F3AC91 /* PBXTargetDependency */,
			);
			name = SampleAppWithCocoapodsTests;
			productName = SampleAppWithCocoapodsTests;
			productReference = BAAFFEED19EE788800F3AC91 /* SampleAppWithCocoapodsTests.xctest */;
			productType = "com.apple.product-type.bundle.unit-test";
		};
/* End PBXNativeTarget section */

/* Begin PBXProject section */
		BAAFFEC919EE788800F3AC91 /* Project object */ = {
			isa = PBXProject;
			attributes = {
				LastUpgradeCheck = 0600;
				ORGANIZATIONNAME = Bitrise;
				TargetAttributes = {
					BAAFFED019EE788800F3AC91 = {
						CreatedOnToolsVersion = 6.0.1;
					};
					BAAFFEEC19EE788800F3AC91 = {
						CreatedOnToolsVersion = 6.0.1;
						TestTargetID = BAAFFED019EE788800F3AC91;
					};
				};
			};
			buildConfigurationList = BAAFFECC19EE788800F3AC91 /* Build configuration list for PBXProject "SampleAppWithCocoapods" */;
			compatibilityVersion = "Xcode 3.2";
			developmentRegion = English;
			hasScannedForEncodings = 0;
			knownRegions = (
				en,
				Base,
			);
			mainGroup = BAAFFEC819EE788800F3AC91;
			productRefGroup = BAAFFED219EE788800F3AC91 /* Products */;
			projectDirPath = "";
			projectRoot = "";
			targets = (
				BAAFFED019EE788800F3AC91 /* SampleAppWithCocoapods */,
				BAAFFEEC19EE788800F3AC91 /* SampleAppWithCocoapodsTests */,
			);
		};
/* End PBXProject section */

/* Begin PBXResourcesBuildPhase section */
		BAAFFECF19EE788800F3AC91 /* Resources */ = {
			isa = PBXResourcesBuildPhase;
			buildActionMask = 2147483647;
			files = (
				BAAFFEE319EE788800F3AC91 /* Main.storyboard in Resources */,
				BAAFFEE819EE788800F3AC91 /* LaunchScreen.xib in Resources */,
				BAAFFEE519EE788800F3AC91 /* Images.xcassets in Resources */,
			);
			runOnlyForDeploymentPostprocessing = 0;
		};
		BAAFFEEB19EE788800F3AC91 /* Resources */ = {
			isa = PBXResourcesBuildPhase;
			buildActionMask = 2147483647;
			files = (
			);
			runOnlyForDeploymentPostprocessing = 0;
		};
/* End PBXResourcesBuildPhase section */

/* Begin PBXShellScriptBuildPhase section */
		242BCFE2D125D338E799C9D8 /* Check Pods Manifest.lock */ = {
			isa = PBXShellScriptBuildPhase;
			buildActionMask = 2147483647;
			files = (
			);
			inputPaths = (
			);
			name = "Check Pods Manifest.lock";
			outputPaths = (
			);
			runOnlyForDeploymentPostprocessing = 0;
			shellPath = /bin/sh;
			shellScript = "diff \"${PODS_ROOT}/../Podfile.lock\" \"${PODS_ROOT}/Manifest.lock\" > /dev/null\nif [[ $? != 0 ]] ; then\n    cat << EOM\nerror: The sandbox is not in sync with the Podfile.lock. Run 'pod install' or update your CocoaPods installation.\nEOM\n    exit 1\nfi\n";
			showEnvVarsInLog = 0;
		};
		BFDD16732FD5B48BE3485B73 /* Copy Pods Resources */ = {
			isa = PBXShellScriptBuildPhase;
			buildActionMask = 2147483647;
			files = (
			);
			inputPaths = (
			);
			name = "Copy Pods Resources";
			outputPaths = (
			);
			runOnlyForDeploymentPostprocessing = 0;
			shellPath = /bin/sh;
			shellScript = "\"${SRCROOT}/Pods/Target Support Files/Pods-SampleAppWithCocoapodsTests/Pods-SampleAppWithCocoapodsTests-resources.sh\"\n";
			showEnvVarsInLog = 0;
		};
/* End PBXShellScriptBuildPhase section */

/* Begin PBXSourcesBuildPhase section */
		BAAFFECD19EE788800F3AC91 /* Sources */ = {
			isa = PBXSourcesBuildPhase;
			buildActionMask = 2147483647;
			files = (
				BAAFFEDA19EE788800F3AC91 /* AppDelegate.m in Sources */,
				BAAFFEDD19EE788800F3AC91 /* SampleAppWithCocoapods.xcdatamodeld in Sources */,
				BAAFFEE019EE788800F3AC91 /* ViewController.m in Sources */,
				BAAFFED719EE788800F3AC91 /* main.m in Sources */,
			);
			runOnlyForDeploymentPostprocessing = 0;
		};
		BAAFFEE919EE788800F3AC91 /* Sources */ = {
			isa = PBXSourcesBuildPhase;
			buildActionMask = 2147483647;
			files = (
				BAA46ED019EE8CAD00298E67 /* KiwiSampleSpec.m in Sources */,
				BAAFFEF419EE788800F3AC91 /* SampleAppWithCocoapodsTests.m in Sources */,
			);
			runOnlyForDeploymentPostprocessing = 0;
		};
/* End PBXSourcesBuildPhase section */

/* Begin PBXTargetDependency section */
		BAAFFEEF19EE788800F3AC91 /* PBXTargetDependency */ = {
			isa = PBXTargetDependency;
			target = BAAFFED019EE788800F3AC91 /* SampleAppWithCocoapods */;
			targetProxy = BAAFFEEE19EE788800F3AC91 /* PBXContainerItemProxy */;
		};
/* End PBXTargetDependency section */

/* Begin PBXVariantGroup section */
		BAAFFEE119EE788800F3AC91 /* Main.storyboard */ = {
			isa = PBXVariantGroup;
			children = (
				BAAFFEE219EE788800F3AC91 /* Base */,
			);
			name = Main.storyboard;
			sourceTree = "<group>";
		};
		BAAFFEE619EE788800F3AC91 /* LaunchScreen.xib */ = {
			isa = PBXVariantGroup;
			children = (
				BAAFFEE719EE788800F3AC91 /* Base */,
			);
			name = LaunchScreen.xib;
			sourceTree = "<group>";
		};
/* End PBXVariantGroup section */

/* Begin XCBuildConfiguration section */
		BAAFFEF519EE788800F3AC91 /* Debug */ = {
			isa = XCBuildConfiguration;
			buildSettings = {
				ALWAYS_SEARCH_USER_PATHS = NO;
				CLANG_CXX_LANGUAGE_STANDARD = "gnu++0x";
				CLANG_CXX_LIBRARY = "libc++";
				CLANG_ENABLE_MODULES = YES;
				CLANG_ENABLE_OBJC_ARC = YES;
				CLANG_WARN_BOOL_CONVERSION = YES;
				CLANG_WARN_CONSTANT_CONVERSION = YES;
				CLANG_WARN_DIRECT_OBJC_ISA_USAGE = YES_ERROR;
				CLANG_WARN_EMPTY_BODY = YES;
				CLANG_WARN_ENUM_CONVERSION = YES;
				CLANG_WARN_INT_CONVERSION = YES;
				CLANG_WARN_OBJC_ROOT_CLASS = YES_ERROR;
				CLANG_WARN_UNREACHABLE_CODE = YES;
				CLANG_WARN__DUPLICATE_METHOD_MATCH = YES;
				"CODE_SIGN_IDENTITY[sdk=iphoneos*]" = "iPhone Developer";
				COPY_PHASE_STRIP = NO;
				ENABLE_STRICT_OBJC_MSGSEND = YES;
				GCC_C_LANGUAGE_STANDARD = gnu99;
				GCC_DYNAMIC_NO_PIC = NO;
				GCC_OPTIMIZATION_LEVEL = 0;
				GCC_PREPROCESSOR_DEFINITIONS = (
					"DEBUG=1",
					"$(inherited)",
				);
				GCC_SYMBOLS_PRIVATE_EXTERN = NO;
				GCC_WARN_64_TO_32_BIT_CONVERSION = YES;
				GCC_WARN_ABOUT_RETURN_TYPE = YES_ERROR;
				GCC_WARN_UNDECLARED_SELECTOR = YES;
				GCC_WARN_UNINITIALIZED_AUTOS = YES_AGGRESSIVE;
				GCC_WARN_UNUSED_FUNCTION = YES;
				GCC_WARN_UNUSED_VARIABLE = YES;
				IPHONEOS_DEPLOYMENT_TARGET = 8.0;
				MTL_ENABLE_DEBUG_INFO = YES;
				ONLY_ACTIVE_ARCH = YES;
				SDKROOT = iphoneos;
				TARGETED_DEVICE_FAMILY = "1,2";
			};
			name = Debug;
		};
		BAAFFEF619EE788800F3AC91 /* Release */ = {
			isa = XCBuildConfiguration;
			buildSettings = {
				ALWAYS_SEARCH_USER_PATHS = NO;
				CLANG_CXX_LANGUAGE_STANDARD = "gnu++0x";
				CLANG_CXX_LIBRARY = "libc++";
				CLANG_ENABLE_MODULES = YES;
				CLANG_ENABLE_OBJC_ARC = YES;
				CLANG_WARN_BOOL_CONVERSION = YES;
				CLANG_WARN_CONSTANT_CONVERSION = YES;
				CLANG_WARN_DIRECT_OBJC_ISA_USAGE = YES_ERROR;
				CLANG_WARN_EMPTY_BODY = YES;
				CLANG_WARN_ENUM_CONVERSION = YES;
				CLANG_WARN_INT_CONVERSION = YES;
				CLANG_WARN_OBJC_ROOT_CLASS = YES_ERROR;
				CLANG_WARN_UNREACHABLE_CODE = YES;
				CLANG_WARN__DUPLICATE_METHOD_MATCH = YES;
				"CODE_SIGN_IDENTITY[sdk=iphoneos*]" = "iPhone Developer";
				COPY_PHASE_STRIP = YES;
				ENABLE_NS_ASSERTIONS = NO;
				ENABLE_STRICT_OBJC_MSGSEND = YES;
				GCC_C_LANGUAGE_STANDARD = gnu99;
				GCC_WARN_64_TO_32_BIT_CONVERSION = YES;
				GCC_WARN_ABOUT_RETURN_TYPE = YES_ERROR;
				GCC_WARN_UNDECLARED_SELECTOR = YES;
				GCC_WARN_UNINITIALIZED_AUTOS = YES_AGGRESSIVE;
				GCC_WARN_UNUSED_FUNCTION = YES;
				GCC_WARN_UNUSED_VARIABLE = YES;
				IPHONEOS_DEPLOYMENT_TARGET = 8.0;
				MTL_ENABLE_DEBUG_INFO = NO;
				SDKROOT = iphoneos;
				TARGETED_DEVICE_FAMILY = "1,2";
				VALIDATE_PRODUCT = YES;
			};
			name = Release;
		};
		BAAFFEF819EE788800F3AC91 /* Debug */ = {
			isa = XCBuildConfiguration;
			buildSettings = {
				ASSETCATALOG_COMPILER_APPICON_NAME = AppIcon;
				INFOPLIST_FILE = SampleAppWithCocoapods/Info.plist;
				LD_RUNPATH_SEARCH_PATHS = "$(inherited) @executable_path/Frameworks";
				ONLY_ACTIVE_ARCH = NO;
				PRODUCT_NAME = "$(TARGET_NAME)";
			};
			name = Debug;
		};
		BAAFFEF919EE788800F3AC91 /* Release */ = {
			isa = XCBuildConfiguration;
			buildSettings = {
				ASSETCATALOG_COMPILER_APPICON_NAME = AppIcon;
				INFOPLIST_FILE = SampleAppWithCocoapods/Info.plist;
				LD_RUNPATH_SEARCH_PATHS = "$(inherited) @executable_path/Frameworks";
				PRODUCT_NAME = "$(TARGET_NAME)";
			};
			name = Release;
		};
		BAAFFEFB19EE788800F3AC91 /* Debug */ = {
			isa = XCBuildConfiguration;
			baseConfigurationReference = 0C70F5AB9C9B8D6D420EADA3 /* Pods-SampleAppWithCocoapodsTests.debug.xcconfig */;
			buildSettings = {
				BUNDLE_LOADER = "$(TEST_HOST)";
				FRAMEWORK_SEARCH_PATHS = (
					"$(SDKROOT)/Developer/Library/Frameworks",
					"$(inherited)",
				);
				GCC_PREPROCESSOR_DEFINITIONS = (
					"DEBUG=1",
					"$(inherited)",
				);
				INFOPLIST_FILE = SampleAppWithCocoapodsTests/Info.plist;
				LD_RUNPATH_SEARCH_PATHS = "$(inherited) @executable_path/Frameworks @loader_path/Frameworks";
				LIBRARY_SEARCH_PATHS = (
					"$(inherited)",
					"$(PROJECT_DIR)/Pods/build/Debug-iphoneos",
				);
				PRODUCT_NAME = "$(TARGET_NAME)";
				TEST_HOST = "$(BUILT_PRODUCTS_DIR)/SampleAppWithCocoapods.app/SampleAppWithCocoapods";
			};
			name = Debug;
		};
		BAAFFEFC19EE788800F3AC91 /* Release */ = {
			isa = XCBuildConfiguration;
			baseConfigurationReference = 81F848CE09EDD1BF962E8725 /* Pods-SampleAppWithCocoapodsTests.release.xcconfig */;
			buildSettings = {
				BUNDLE_LOADER = "$(TEST_HOST)";
				FRAMEWORK_SEARCH_PATHS = (
					"$(SDKROOT)/Developer/Library/Frameworks",
					"$(inherited)",
				);
				INFOPLIST_FILE = SampleAppWithCocoapodsTests/Info.plist;
				LD_RUNPATH_SEARCH_PATHS = "$(inherited) @executable_path/Frameworks @loader_path/Frameworks";
				LIBRARY_SEARCH_PATHS = (
					"$(inherited)",
					"$(PROJECT_DIR)/Pods/build/Debug-iphoneos",
				);
				PRODUCT_NAME = "$(TARGET_NAME)";
				TEST_HOST = "$(BUILT_PRODUCTS_DIR)/SampleAppWithCocoapods.app/SampleAppWithCocoapods";
			};
			name = Release;
		};
/* End XCBuildConfiguration section */

/* Begin XCConfigurationList section */
		BAAFFECC19EE788800F3AC91 /* Build configuration list for PBXProject "SampleAppWithCocoapods" */ = {
			isa = XCConfigurationList;
			buildConfigurations = (
				BAAFFEF519EE788800F3AC91 /* Debug */,
				BAAFFEF619EE788800F3AC91 /* Release */,
			);
			defaultConfigurationIsVisible = 0;
			defaultConfigurationName = Release;
		};
		BAAFFEF719EE788800F3AC91 /* Build configuration list for PBXNativeTarget "SampleAppWithCocoapods" */ = {
			isa = XCConfigurationList;
			buildConfigurations = (
				BAAFFEF819EE788800F3AC91 /* Debug */,
				BAAFFEF919EE788800F3AC91 /* Release */,
			);
			defaultConfigurationIsVisible = 0;
			defaultConfigurationName = Release;
		};
		BAAFFEFA19EE788800F3AC91 /* Build configuration list for PBXNativeTarget "SampleAppWithCocoapodsTests" */ = {
			isa = XCConfigurationList;
			buildConfigurations = (
				BAAFFEFB19EE788800F3AC91 /* Debug */,
				BAAFFEFC19EE788800F3AC91 /* Release */,
			);
			defaultConfigurationIsVisible = 0;
			defaultConfigurationName = Release;
		};
/* End XCConfigurationList section */

/* Begin XCVersionGroup section */
		BAAFFEDB19EE788800F3AC91 /* SampleAppWithCocoapods.xcdatamodeld */ = {
			isa = XCVersionGroup;
			children = (
				BAAFFEDC19EE788800F3AC91 /* SampleAppWithCocoapods.xcdatamodel */,
			);
			currentVersion = BAAFFEDC19EE788800F3AC91 /* SampleAppWithCocoapods.xcdatamodel */;
			path = SampleAppWithCocoapods.xcdatamodeld;
			sourceTree = "<group>";
			versionGroupType = wrapper.xcdatamodel;
		};
/* End XCVersionGroup section */
	};
	rootObject = BAAFFEC919EE788800F3AC91 /* Project object */;
}
